
Microsoft Visual Studio Solution File, Format Version 12.00
# Visual Studio 2012
Project("{FAE04EC0-301F-11D3-BF4B-00C04F79EFBC}") = "HomeAutomationApp", "HomeAutomationApp\HomeAutomationApp.csproj", "{AC72CBBA-8794-44B3-9B9C-590824A63CA6}"
EndProject
Project("{FAE04EC0-301F-11D3-BF4B-00C04F79EFBC}") = "HomeAutomationApp.iOS", "iOS\HomeAutomationApp.iOS.csproj", "{148F5C39-1EF0-472D-A7DD-975E4825D2EB}"
EndProject
Project("{FAE04EC0-301F-11D3-BF4B-00C04F79EFBC}") = "HomeAutomationApp.Droid", "Droid\HomeAutomationApp.Droid.csproj", "{E202D33B-EE1B-4575-89BC-5777F6DAD4AB}"
EndProject
Project("{FAE04EC0-301F-11D3-BF4B-00C04F79EFBC}") = "iOSTodayWidget", "iOSTodayWidget\iOSTodayWidget.csproj", "{9D08E575-3D37-42E8-8DC2-5129763E8F8A}"
EndProject
Project("{9344BDBB-3E7F-41FC-A0DD-8665D75EE146}") = "LogicUnitTests", "LogicUnitTests\LogicUnitTests.csproj", "{2E17C883-FFEE-4284-B290-E2149751D970}"
EndProject
Project("{FAE04EC0-301F-11D3-BF4B-00C04F79EFBC}") = "api", "..\Devices.git\api\api.csproj", "{DCE2FD21-5B48-4413-A2A2-B55D1B70C7D4}"
EndProject
Project("{FAE04EC0-301F-11D3-BF4B-00C04F79EFBC}") = "ExternalTestingApp", "ExternalTestingApp\ExternalTestingApp.csproj", "{FE8C4F19-7FEA-4622-AEF0-72D0546446CF}"
EndProject
Project("{FAE04EC0-301F-11D3-BF4B-00C04F79EFBC}") = "time_frame", "..\sim_harness\time_frame\time_frame\time_frame.csproj", "{E9C8A0A8-16D9-4FEF-AB45-04E9EE9A579E}"
EndProject
Project("{FAE04EC0-301F-11D3-BF4B-00C04F79EFBC}") = "AndroidTesting", "AndroidTesting\AndroidTesting.csproj", "{CEB302F9-5862-4931-B239-DB3DADF5EA40}"
EndProject
Project("{FAE04EC0-301F-11D3-BF4B-00C04F79EFBC}") = "iOSUnitTests", "iOSUnitTests\iOSUnitTests.csproj", "{0830B970-8415-47D7-A26F-1D09FEBB833D}"
EndProject
Global
	GlobalSection(SolutionConfigurationPlatforms) = preSolution
		Debug|Any CPU = Debug|Any CPU
		Release|Any CPU = Release|Any CPU
		Debug|iPhoneSimulator = Debug|iPhoneSimulator
		Release|iPhoneSimulator = Release|iPhoneSimulator
		Debug|iPhone = Debug|iPhone
		Release|iPhone = Release|iPhone
		Ad-Hoc|iPhone = Ad-Hoc|iPhone
		AppStore|iPhone = AppStore|iPhone
	EndGlobalSection
	GlobalSection(ProjectConfigurationPlatforms) = postSolution
		{0830B970-8415-47D7-A26F-1D09FEBB833D}.Ad-Hoc|iPhone.ActiveCfg = Ad-Hoc|iPhone
		{0830B970-8415-47D7-A26F-1D09FEBB833D}.Ad-Hoc|iPhone.Build.0 = Ad-Hoc|iPhone
		{0830B970-8415-47D7-A26F-1D09FEBB833D}.AppStore|iPhone.ActiveCfg = AppStore|iPhone
		{0830B970-8415-47D7-A26F-1D09FEBB833D}.AppStore|iPhone.Build.0 = AppStore|iPhone
		{0830B970-8415-47D7-A26F-1D09FEBB833D}.Debug|Any CPU.ActiveCfg = Debug|iPhoneSimulator
		{0830B970-8415-47D7-A26F-1D09FEBB833D}.Debug|Any CPU.Build.0 = Debug|iPhoneSimulator
		{0830B970-8415-47D7-A26F-1D09FEBB833D}.Debug|iPhone.ActiveCfg = Debug|iPhone
		{0830B970-8415-47D7-A26F-1D09FEBB833D}.Debug|iPhone.Build.0 = Debug|iPhone
		{0830B970-8415-47D7-A26F-1D09FEBB833D}.Debug|iPhoneSimulator.ActiveCfg = Debug|iPhoneSimulator
		{0830B970-8415-47D7-A26F-1D09FEBB833D}.Debug|iPhoneSimulator.Build.0 = Debug|iPhoneSimulator
		{0830B970-8415-47D7-A26F-1D09FEBB833D}.Release|Any CPU.ActiveCfg = Release|iPhoneSimulator
		{0830B970-8415-47D7-A26F-1D09FEBB833D}.Release|Any CPU.Build.0 = Release|iPhoneSimulator
		{0830B970-8415-47D7-A26F-1D09FEBB833D}.Release|iPhone.ActiveCfg = Release|iPhone
		{0830B970-8415-47D7-A26F-1D09FEBB833D}.Release|iPhone.Build.0 = Release|iPhone
		{0830B970-8415-47D7-A26F-1D09FEBB833D}.Release|iPhoneSimulator.ActiveCfg = Release|iPhoneSimulator
		{0830B970-8415-47D7-A26F-1D09FEBB833D}.Release|iPhoneSimulator.Build.0 = Release|iPhoneSimulator
		{148F5C39-1EF0-472D-A7DD-975E4825D2EB}.Ad-Hoc|iPhone.ActiveCfg = Ad-Hoc|iPhone
		{148F5C39-1EF0-472D-A7DD-975E4825D2EB}.Ad-Hoc|iPhone.Build.0 = Ad-Hoc|iPhone
		{148F5C39-1EF0-472D-A7DD-975E4825D2EB}.AppStore|iPhone.ActiveCfg = AppStore|iPhone
		{148F5C39-1EF0-472D-A7DD-975E4825D2EB}.AppStore|iPhone.Build.0 = AppStore|iPhone
		{148F5C39-1EF0-472D-A7DD-975E4825D2EB}.Debug|Any CPU.ActiveCfg = Debug|iPhoneSimulator
		{148F5C39-1EF0-472D-A7DD-975E4825D2EB}.Debug|Any CPU.Build.0 = Debug|iPhoneSimulator
		{148F5C39-1EF0-472D-A7DD-975E4825D2EB}.Debug|iPhone.ActiveCfg = Debug|iPhone
		{148F5C39-1EF0-472D-A7DD-975E4825D2EB}.Debug|iPhone.Build.0 = Debug|iPhone
		{148F5C39-1EF0-472D-A7DD-975E4825D2EB}.Debug|iPhoneSimulator.ActiveCfg = Debug|iPhoneSimulator
		{148F5C39-1EF0-472D-A7DD-975E4825D2EB}.Debug|iPhoneSimulator.Build.0 = Debug|iPhoneSimulator
		{148F5C39-1EF0-472D-A7DD-975E4825D2EB}.Release|Any CPU.ActiveCfg = Release|iPhoneSimulator
		{148F5C39-1EF0-472D-A7DD-975E4825D2EB}.Release|Any CPU.Build.0 = Release|iPhoneSimulator
		{148F5C39-1EF0-472D-A7DD-975E4825D2EB}.Release|iPhone.ActiveCfg = Release|iPhone
		{148F5C39-1EF0-472D-A7DD-975E4825D2EB}.Release|iPhone.Build.0 = Release|iPhone
		{148F5C39-1EF0-472D-A7DD-975E4825D2EB}.Release|iPhoneSimulator.ActiveCfg = Release|iPhoneSimulator
		{148F5C39-1EF0-472D-A7DD-975E4825D2EB}.Release|iPhoneSimulator.Build.0 = Release|iPhoneSimulator
		{2E17C883-FFEE-4284-B290-E2149751D970}.Ad-Hoc|iPhone.ActiveCfg = Release|Any CPU
		{2E17C883-FFEE-4284-B290-E2149751D970}.Ad-Hoc|iPhone.Build.0 = Release|Any CPU
		{2E17C883-FFEE-4284-B290-E2149751D970}.AppStore|iPhone.ActiveCfg = Release|Any CPU
		{2E17C883-FFEE-4284-B290-E2149751D970}.AppStore|iPhone.Build.0 = Release|Any CPU
		{2E17C883-FFEE-4284-B290-E2149751D970}.Debug|Any CPU.ActiveCfg = Debug|Any CPU
		{2E17C883-FFEE-4284-B290-E2149751D970}.Debug|Any CPU.Build.0 = Debug|Any CPU
		{2E17C883-FFEE-4284-B290-E2149751D970}.Debug|iPhone.ActiveCfg = Debug|Any CPU
		{2E17C883-FFEE-4284-B290-E2149751D970}.Debug|iPhone.Build.0 = Debug|Any CPU
		{2E17C883-FFEE-4284-B290-E2149751D970}.Debug|iPhoneSimulator.ActiveCfg = Debug|Any CPU
		{2E17C883-FFEE-4284-B290-E2149751D970}.Debug|iPhoneSimulator.Build.0 = Debug|Any CPU
		{2E17C883-FFEE-4284-B290-E2149751D970}.Release|Any CPU.ActiveCfg = Release|Any CPU
		{2E17C883-FFEE-4284-B290-E2149751D970}.Release|Any CPU.Build.0 = Release|Any CPU
		{2E17C883-FFEE-4284-B290-E2149751D970}.Release|iPhone.ActiveCfg = Release|Any CPU
		{2E17C883-FFEE-4284-B290-E2149751D970}.Release|iPhone.Build.0 = Release|Any CPU
		{2E17C883-FFEE-4284-B290-E2149751D970}.Release|iPhoneSimulator.ActiveCfg = Release|Any CPU
		{2E17C883-FFEE-4284-B290-E2149751D970}.Release|iPhoneSimulator.Build.0 = Release|Any CPU
		{9D08E575-3D37-42E8-8DC2-5129763E8F8A}.Ad-Hoc|iPhone.ActiveCfg = Ad-Hoc|iPhone
		{9D08E575-3D37-42E8-8DC2-5129763E8F8A}.Ad-Hoc|iPhone.Build.0 = Ad-Hoc|iPhone
		{9D08E575-3D37-42E8-8DC2-5129763E8F8A}.AppStore|iPhone.ActiveCfg = AppStore|iPhone
		{9D08E575-3D37-42E8-8DC2-5129763E8F8A}.AppStore|iPhone.Build.0 = AppStore|iPhone
		{9D08E575-3D37-42E8-8DC2-5129763E8F8A}.Debug|Any CPU.ActiveCfg = Debug|iPhoneSimulator
		{9D08E575-3D37-42E8-8DC2-5129763E8F8A}.Debug|Any CPU.Build.0 = Debug|iPhoneSimulator
		{9D08E575-3D37-42E8-8DC2-5129763E8F8A}.Debug|iPhone.ActiveCfg = Debug|iPhone
		{9D08E575-3D37-42E8-8DC2-5129763E8F8A}.Debug|iPhone.Build.0 = Debug|iPhone
		{9D08E575-3D37-42E8-8DC2-5129763E8F8A}.Debug|iPhoneSimulator.ActiveCfg = Debug|iPhoneSimulator
		{9D08E575-3D37-42E8-8DC2-5129763E8F8A}.Debug|iPhoneSimulator.Build.0 = Debug|iPhoneSimulator
		{9D08E575-3D37-42E8-8DC2-5129763E8F8A}.Release|Any CPU.ActiveCfg = Release|iPhoneSimulator
		{9D08E575-3D37-42E8-8DC2-5129763E8F8A}.Release|Any CPU.Build.0 = Release|iPhoneSimulator
		{9D08E575-3D37-42E8-8DC2-5129763E8F8A}.Release|iPhone.ActiveCfg = Release|iPhone
		{9D08E575-3D37-42E8-8DC2-5129763E8F8A}.Release|iPhone.Build.0 = Release|iPhone
		{9D08E575-3D37-42E8-8DC2-5129763E8F8A}.Release|iPhoneSimulator.ActiveCfg = Release|iPhoneSimulator
		{9D08E575-3D37-42E8-8DC2-5129763E8F8A}.Release|iPhoneSimulator.Build.0 = Release|iPhoneSimulator
		{AC72CBBA-8794-44B3-9B9C-590824A63CA6}.Ad-Hoc|iPhone.ActiveCfg = Debug|Any CPU
		{AC72CBBA-8794-44B3-9B9C-590824A63CA6}.Ad-Hoc|iPhone.Build.0 = Debug|Any CPU
		{AC72CBBA-8794-44B3-9B9C-590824A63CA6}.AppStore|iPhone.ActiveCfg = Debug|Any CPU
		{AC72CBBA-8794-44B3-9B9C-590824A63CA6}.AppStore|iPhone.Build.0 = Debug|Any CPU
		{AC72CBBA-8794-44B3-9B9C-590824A63CA6}.Debug|Any CPU.ActiveCfg = Debug|Any CPU
		{AC72CBBA-8794-44B3-9B9C-590824A63CA6}.Debug|Any CPU.Build.0 = Debug|Any CPU
		{AC72CBBA-8794-44B3-9B9C-590824A63CA6}.Debug|iPhone.ActiveCfg = Debug|Any CPU
		{AC72CBBA-8794-44B3-9B9C-590824A63CA6}.Debug|iPhone.Build.0 = Debug|Any CPU
		{AC72CBBA-8794-44B3-9B9C-590824A63CA6}.Debug|iPhoneSimulator.ActiveCfg = Debug|Any CPU
		{AC72CBBA-8794-44B3-9B9C-590824A63CA6}.Debug|iPhoneSimulator.Build.0 = Debug|Any CPU
		{AC72CBBA-8794-44B3-9B9C-590824A63CA6}.Release|Any CPU.ActiveCfg = Release|Any CPU
		{AC72CBBA-8794-44B3-9B9C-590824A63CA6}.Release|Any CPU.Build.0 = Release|Any CPU
		{AC72CBBA-8794-44B3-9B9C-590824A63CA6}.Release|iPhone.ActiveCfg = Release|Any CPU
		{AC72CBBA-8794-44B3-9B9C-590824A63CA6}.Release|iPhone.Build.0 = Release|Any CPU
		{AC72CBBA-8794-44B3-9B9C-590824A63CA6}.Release|iPhoneSimulator.ActiveCfg = Release|Any CPU
		{AC72CBBA-8794-44B3-9B9C-590824A63CA6}.Release|iPhoneSimulator.Build.0 = Release|Any CPU
		{CEB302F9-5862-4931-B239-DB3DADF5EA40}.Ad-Hoc|iPhone.ActiveCfg = Debug|Any CPU
		{CEB302F9-5862-4931-B239-DB3DADF5EA40}.Ad-Hoc|iPhone.Build.0 = Debug|Any CPU
		{CEB302F9-5862-4931-B239-DB3DADF5EA40}.AppStore|iPhone.ActiveCfg = Debug|Any CPU
		{CEB302F9-5862-4931-B239-DB3DADF5EA40}.AppStore|iPhone.Build.0 = Debug|Any CPU
		{CEB302F9-5862-4931-B239-DB3DADF5EA40}.Debug|Any CPU.ActiveCfg = Debug|Any CPU
		{CEB302F9-5862-4931-B239-DB3DADF5EA40}.Debug|Any CPU.Build.0 = Debug|Any CPU
		{CEB302F9-5862-4931-B239-DB3DADF5EA40}.Debug|iPhone.ActiveCfg = Debug|Any CPU
		{CEB302F9-5862-4931-B239-DB3DADF5EA40}.Debug|iPhone.Build.0 = Debug|Any CPU
		{CEB302F9-5862-4931-B239-DB3DADF5EA40}.Debug|iPhoneSimulator.ActiveCfg = Debug|Any CPU
		{CEB302F9-5862-4931-B239-DB3DADF5EA40}.Debug|iPhoneSimulator.Build.0 = Debug|Any CPU
		{CEB302F9-5862-4931-B239-DB3DADF5EA40}.Release|Any CPU.ActiveCfg = Release|Any CPU
		{CEB302F9-5862-4931-B239-DB3DADF5EA40}.Release|Any CPU.Build.0 = Release|Any CPU
		{CEB302F9-5862-4931-B239-DB3DADF5EA40}.Release|iPhone.ActiveCfg = Release|Any CPU
		{CEB302F9-5862-4931-B239-DB3DADF5EA40}.Release|iPhone.Build.0 = Release|Any CPU
		{CEB302F9-5862-4931-B239-DB3DADF5EA40}.Release|iPhoneSimulator.ActiveCfg = Release|Any CPU
		{CEB302F9-5862-4931-B239-DB3DADF5EA40}.Release|iPhoneSimulator.Build.0 = Release|Any CPU
		{DCE2FD21-5B48-4413-A2A2-B55D1B70C7D4}.Ad-Hoc|iPhone.ActiveCfg = Debug|Any CPU
		{DCE2FD21-5B48-4413-A2A2-B55D1B70C7D4}.Ad-Hoc|iPhone.Build.0 = Debug|Any CPU
		{DCE2FD21-5B48-4413-A2A2-B55D1B70C7D4}.AppStore|iPhone.ActiveCfg = Debug|Any CPU
		{DCE2FD21-5B48-4413-A2A2-B55D1B70C7D4}.AppStore|iPhone.Build.0 = Debug|Any CPU
		{DCE2FD21-5B48-4413-A2A2-B55D1B70C7D4}.Debug|Any CPU.ActiveCfg = Debug|Any CPU
		{DCE2FD21-5B48-4413-A2A2-B55D1B70C7D4}.Debug|Any CPU.Build.0 = Debug|Any CPU
		{DCE2FD21-5B48-4413-A2A2-B55D1B70C7D4}.Debug|iPhone.ActiveCfg = Debug|Any CPU
		{DCE2FD21-5B48-4413-A2A2-B55D1B70C7D4}.Debug|iPhone.Build.0 = Debug|Any CPU
		{DCE2FD21-5B48-4413-A2A2-B55D1B70C7D4}.Debug|iPhoneSimulator.ActiveCfg = Debug|Any CPU
		{DCE2FD21-5B48-4413-A2A2-B55D1B70C7D4}.Debug|iPhoneSimulator.Build.0 = Debug|Any CPU
		{DCE2FD21-5B48-4413-A2A2-B55D1B70C7D4}.Release|Any CPU.ActiveCfg = Release|Any CPU
		{DCE2FD21-5B48-4413-A2A2-B55D1B70C7D4}.Release|Any CPU.Build.0 = Release|Any CPU
		{DCE2FD21-5B48-4413-A2A2-B55D1B70C7D4}.Release|iPhone.ActiveCfg = Release|Any CPU
		{DCE2FD21-5B48-4413-A2A2-B55D1B70C7D4}.Release|iPhone.Build.0 = Release|Any CPU
		{DCE2FD21-5B48-4413-A2A2-B55D1B70C7D4}.Release|iPhoneSimulator.ActiveCfg = Release|Any CPU
		{DCE2FD21-5B48-4413-A2A2-B55D1B70C7D4}.Release|iPhoneSimulator.Build.0 = Release|Any CPU
		{E202D33B-EE1B-4575-89BC-5777F6DAD4AB}.Ad-Hoc|iPhone.ActiveCfg = Release|Any CPU
		{E202D33B-EE1B-4575-89BC-5777F6DAD4AB}.Ad-Hoc|iPhone.Build.0 = Release|Any CPU
		{E202D33B-EE1B-4575-89BC-5777F6DAD4AB}.AppStore|iPhone.ActiveCfg = Release|Any CPU
		{E202D33B-EE1B-4575-89BC-5777F6DAD4AB}.AppStore|iPhone.Build.0 = Release|Any CPU
		{E202D33B-EE1B-4575-89BC-5777F6DAD4AB}.Debug|Any CPU.ActiveCfg = Debug|Any CPU
		{E202D33B-EE1B-4575-89BC-5777F6DAD4AB}.Debug|Any CPU.Build.0 = Debug|Any CPU
		{E202D33B-EE1B-4575-89BC-5777F6DAD4AB}.Debug|iPhone.ActiveCfg = Debug|Any CPU
		{E202D33B-EE1B-4575-89BC-5777F6DAD4AB}.Debug|iPhone.Build.0 = Debug|Any CPU
		{E202D33B-EE1B-4575-89BC-5777F6DAD4AB}.Debug|iPhoneSimulator.ActiveCfg = Debug|Any CPU
		{E202D33B-EE1B-4575-89BC-5777F6DAD4AB}.Debug|iPhoneSimulator.Build.0 = Debug|Any CPU
		{E202D33B-EE1B-4575-89BC-5777F6DAD4AB}.Release|Any CPU.ActiveCfg = Release|Any CPU
		{E202D33B-EE1B-4575-89BC-5777F6DAD4AB}.Release|Any CPU.Build.0 = Release|Any CPU
		{E202D33B-EE1B-4575-89BC-5777F6DAD4AB}.Release|iPhone.ActiveCfg = Release|Any CPU
		{E202D33B-EE1B-4575-89BC-5777F6DAD4AB}.Release|iPhone.Build.0 = Release|Any CPU
		{E202D33B-EE1B-4575-89BC-5777F6DAD4AB}.Release|iPhoneSimulator.ActiveCfg = Release|Any CPU
		{E202D33B-EE1B-4575-89BC-5777F6DAD4AB}.Release|iPhoneSimulator.Build.0 = Release|Any CPU
		{E9C8A0A8-16D9-4FEF-AB45-04E9EE9A579E}.Ad-Hoc|iPhone.ActiveCfg = Debug|Any CPU
		{E9C8A0A8-16D9-4FEF-AB45-04E9EE9A579E}.Ad-Hoc|iPhone.Build.0 = Debug|Any CPU
		{E9C8A0A8-16D9-4FEF-AB45-04E9EE9A579E}.AppStore|iPhone.ActiveCfg = Debug|Any CPU
		{E9C8A0A8-16D9-4FEF-AB45-04E9EE9A579E}.AppStore|iPhone.Build.0 = Debug|Any CPU
		{E9C8A0A8-16D9-4FEF-AB45-04E9EE9A579E}.Debug|Any CPU.ActiveCfg = Debug|Any CPU
		{E9C8A0A8-16D9-4FEF-AB45-04E9EE9A579E}.Debug|Any CPU.Build.0 = Debug|Any CPU
		{E9C8A0A8-16D9-4FEF-AB45-04E9EE9A579E}.Debug|iPhone.ActiveCfg = Debug|Any CPU
		{E9C8A0A8-16D9-4FEF-AB45-04E9EE9A579E}.Debug|iPhone.Build.0 = Debug|Any CPU
		{E9C8A0A8-16D9-4FEF-AB45-04E9EE9A579E}.Debug|iPhoneSimulator.ActiveCfg = Debug|Any CPU
		{E9C8A0A8-16D9-4FEF-AB45-04E9EE9A579E}.Debug|iPhoneSimulator.Build.0 = Debug|Any CPU
		{E9C8A0A8-16D9-4FEF-AB45-04E9EE9A579E}.Release|Any CPU.ActiveCfg = Release|Any CPU
		{E9C8A0A8-16D9-4FEF-AB45-04E9EE9A579E}.Release|Any CPU.Build.0 = Release|Any CPU
		{E9C8A0A8-16D9-4FEF-AB45-04E9EE9A579E}.Release|iPhone.ActiveCfg = Release|Any CPU
		{E9C8A0A8-16D9-4FEF-AB45-04E9EE9A579E}.Release|iPhone.Build.0 = Release|Any CPU
		{E9C8A0A8-16D9-4FEF-AB45-04E9EE9A579E}.Release|iPhoneSimulator.ActiveCfg = Release|Any CPU
		{E9C8A0A8-16D9-4FEF-AB45-04E9EE9A579E}.Release|iPhoneSimulator.Build.0 = Release|Any CPU
		{FE8C4F19-7FEA-4622-AEF0-72D0546446CF}.Ad-Hoc|iPhone.ActiveCfg = Release|Any CPU
		{FE8C4F19-7FEA-4622-AEF0-72D0546446CF}.Ad-Hoc|iPhone.Build.0 = Release|Any CPU
		{FE8C4F19-7FEA-4622-AEF0-72D0546446CF}.AppStore|iPhone.ActiveCfg = Release|Any CPU
		{FE8C4F19-7FEA-4622-AEF0-72D0546446CF}.AppStore|iPhone.Build.0 = Release|Any CPU
		{FE8C4F19-7FEA-4622-AEF0-72D0546446CF}.Debug|Any CPU.ActiveCfg = Debug|Any CPU
		{FE8C4F19-7FEA-4622-AEF0-72D0546446CF}.Debug|Any CPU.Build.0 = Debug|Any CPU
		{FE8C4F19-7FEA-4622-AEF0-72D0546446CF}.Debug|iPhone.ActiveCfg = Debug|Any CPU
		{FE8C4F19-7FEA-4622-AEF0-72D0546446CF}.Debug|iPhone.Build.0 = Debug|Any CPU
		{FE8C4F19-7FEA-4622-AEF0-72D0546446CF}.Debug|iPhoneSimulator.ActiveCfg = Debug|Any CPU
		{FE8C4F19-7FEA-4622-AEF0-72D0546446CF}.Debug|iPhoneSimulator.Build.0 = Debug|Any CPU
		{FE8C4F19-7FEA-4622-AEF0-72D0546446CF}.Release|Any CPU.ActiveCfg = Release|Any CPU
		{FE8C4F19-7FEA-4622-AEF0-72D0546446CF}.Release|Any CPU.Build.0 = Release|Any CPU
		{FE8C4F19-7FEA-4622-AEF0-72D0546446CF}.Release|iPhone.ActiveCfg = Release|Any CPU
		{FE8C4F19-7FEA-4622-AEF0-72D0546446CF}.Release|iPhone.Build.0 = Release|Any CPU
		{FE8C4F19-7FEA-4622-AEF0-72D0546446CF}.Release|iPhoneSimulator.ActiveCfg = Release|Any CPU
		{FE8C4F19-7FEA-4622-AEF0-72D0546446CF}.Release|iPhoneSimulator.Build.0 = Release|Any CPU
	EndGlobalSection
EndGlobal
